<?xml version="1.0" encoding="utf-8"?>
<Project ToolsVersion="15.0" xmlns="http://schemas.microsoft.com/developer/msbuild/2003">
  <ItemGroup>
    <ClCompile Include="C:\Users\wesdx\OneDrive\文件\c\DataStructure_Final\main.cpp">
      <Filter>Source Files</Filter>
    </ClCompile>
  </ItemGroup>
  <ItemGroup>
    <CustomBuild Include="C:\Users\wesdx\OneDrive\文件\c\DataStructure_Final\CMakeLists.txt" />
  </ItemGroup>
  <ItemGroup>
    <Filter Include="Source Files">
      <UniqueIdentifier>{AB7487A4-6BCC-3026-830D-AF6FB339D5EE}</UniqueIdentifier>
    </Filter>
  </ItemGroup>
</Project>
