Microsoft Visual Studio Solution File, Format Version 12.00
# Visual Studio 15
Project("{8BC9CEB8-8B4A-11D0-8D11-00A0C91BC942}") = "project", "project.vcxproj", "{372090CD-3102-394E-96A8-99B3A7C44947}"
	ProjectSection(ProjectDependencies) = postProject
		{2302B66D-5C74-38D5-B411-A3465E84C5AD} = {2302B66D-5C74-38D5-B411-A3465E84C5AD}
	EndProjectSection
EndProject
Project("{8BC9CEB8-8B4A-11D0-8D11-00A0C91BC942}") = "ALL_BUILD", "ALL_BUILD.vcxproj", "{203EF8EC-DE6F-3573-9EB4-DB35BBC3F67A}"
	ProjectSection(ProjectDependencies) = postProject
		{2302B66D-5C74-38D5-B411-A3465E84C5AD} = {2302B66D-5C74-38D5-B411-A3465E84C5AD}
		{372090CD-3102-394E-96A8-99B3A7C44947} = {372090CD-3102-394E-96A8-99B3A7C44947}
	EndProjectSection
EndProject
Project("{8BC9CEB8-8B4A-11D0-8D11-00A0C91BC942}") = "ZERO_CHECK", "ZERO_CHECK.vcxproj", "{2302B66D-5C74-38D5-B411-A3465E84C5AD}"
	ProjectSection(ProjectDependencies) = postProject
	EndProjectSection
EndProject
Global
	GlobalSection(SolutionConfigurationPlatforms) = preSolution
		Debug|x64 = Debug|x64
		Release|x64 = Release|x64
		MinSizeRel|x64 = MinSizeRel|x64
		RelWithDebInfo|x64 = RelWithDebInfo|x64
	EndGlobalSection
	GlobalSection(ProjectConfigurationPlatforms) = postSolution
		{372090CD-3102-394E-96A8-99B3A7C44947}.Debug|x64.ActiveCfg = Debug|x64
		{372090CD-3102-394E-96A8-99B3A7C44947}.Debug|x64.Build.0 = Debug|x64
		{372090CD-3102-394E-96A8-99B3A7C44947}.Release|x64.ActiveCfg = Release|x64
		{372090CD-3102-394E-96A8-99B3A7C44947}.Release|x64.Build.0 = Release|x64
		{372090CD-3102-394E-96A8-99B3A7C44947}.MinSizeRel|x64.ActiveCfg = MinSizeRel|x64
		{372090CD-3102-394E-96A8-99B3A7C44947}.MinSizeRel|x64.Build.0 = MinSizeRel|x64
		{372090CD-3102-394E-96A8-99B3A7C44947}.RelWithDebInfo|x64.ActiveCfg = RelWithDebInfo|x64
		{372090CD-3102-394E-96A8-99B3A7C44947}.RelWithDebInfo|x64.Build.0 = RelWithDebInfo|x64
		{203EF8EC-DE6F-3573-9EB4-DB35BBC3F67A}.Debug|x64.ActiveCfg = Debug|x64
		{203EF8EC-DE6F-3573-9EB4-DB35BBC3F67A}.Release|x64.ActiveCfg = Release|x64
		{203EF8EC-DE6F-3573-9EB4-DB35BBC3F67A}.MinSizeRel|x64.ActiveCfg = MinSizeRel|x64
		{203EF8EC-DE6F-3573-9EB4-DB35BBC3F67A}.RelWithDebInfo|x64.ActiveCfg = RelWithDebInfo|x64
		{2302B66D-5C74-38D5-B411-A3465E84C5AD}.Debug|x64.ActiveCfg = Debug|x64
		{2302B66D-5C74-38D5-B411-A3465E84C5AD}.Debug|x64.Build.0 = Debug|x64
		{2302B66D-5C74-38D5-B411-A3465E84C5AD}.Release|x64.ActiveCfg = Release|x64
		{2302B66D-5C74-38D5-B411-A3465E84C5AD}.Release|x64.Build.0 = Release|x64
		{2302B66D-5C74-38D5-B411-A3465E84C5AD}.MinSizeRel|x64.ActiveCfg = MinSizeRel|x64
		{2302B66D-5C74-38D5-B411-A3465E84C5AD}.MinSizeRel|x64.Build.0 = MinSizeRel|x64
		{2302B66D-5C74-38D5-B411-A3465E84C5AD}.RelWithDebInfo|x64.ActiveCfg = RelWithDebInfo|x64
		{2302B66D-5C74-38D5-B411-A3465E84C5AD}.RelWithDebInfo|x64.Build.0 = RelWithDebInfo|x64
	EndGlobalSection
	GlobalSection(ExtensibilityGlobals) = postSolution
		SolutionGuid = {556D5E6E-A952-322B-9123-944A48DEF6E1}
	EndGlobalSection
	GlobalSection(ExtensibilityAddIns) = postSolution
	EndGlobalSection
EndGlobal
