<?xml version="1.0" encoding="utf-8"?>
<Project ToolsVersion="15.0" xmlns="http://schemas.microsoft.com/developer/msbuild/2003">
  <ItemGroup>
    <ClCompile Include="C:\Users\User\Google 雲端硬碟\筆電桌面\DataStructure_Final\main.cpp">
      <Filter>Source Files</Filter>
    </ClCompile>
  </ItemGroup>
  <ItemGroup>
    <CustomBuild Include="C:\Users\User\Google 雲端硬碟\筆電桌面\DataStructure_Final\CMakeLists.txt" />
  </ItemGroup>
  <ItemGroup>
    <Filter Include="Source Files">
      <UniqueIdentifier>{1BC38DAD-80F2-3EE0-8334-1B654A663B8E}</UniqueIdentifier>
    </Filter>
  </ItemGroup>
</Project>
