<?xml version="1.0" encoding="utf-8"?>
<Project ToolsVersion="15.0" xmlns="http://schemas.microsoft.com/developer/msbuild/2003">
  <ItemGroup>
    <ClCompile Include="..\main.cpp" />
  </ItemGroup>
  <ItemGroup>
    <CustomBuild Include="C:\Users\XIAO\Documents\c\DataStructure_Final\CMakeLists.txt" />
  </ItemGroup>
  <ItemGroup>
    <Filter Include="Source Files">
      <UniqueIdentifier>{9D94051C-2F78-3AE0-9E34-142616C8F7FA}</UniqueIdentifier>
    </Filter>
  </ItemGroup>
  <ItemGroup>
    <None Include="..\進度.md" />
  </ItemGroup>
</Project>